
Microsoft Visual Studio Solution File, Format Version 12.00
# Visual Studio Version 17
VisualStudioVersion = 17.11.35219.272
MinimumVisualStudioVersion = 10.0.40219.1
Project("{FAE04EC0-301F-11D3-BF4B-00C04F79EFBC}") = "UserContact.Server", "UserContact.Server\UserContact.Server.csproj", "{E020981B-4D1A-4E0D-B525-768B792971FF}"
EndProject
Project("{FAE04EC0-301F-11D3-BF4B-00C04F79EFBC}") = "UserContact.Bll", "UserContact.Bll\UserContact.Bll.csproj", "{7EDEA82E-020B-4653-9D1F-3F50F01CC18F}"
EndProject
Project("{FAE04EC0-301F-11D3-BF4B-00C04F79EFBC}") = "UserContact.Dal", "UserContact.Dal\UserContact.Dal.csproj", "{B59D6FF7-731B-4F88-9860-BBF4CB601DB2}"
EndProject
Global
	GlobalSection(SolutionConfigurationPlatforms) = preSolution
		Debug|Any CPU = Debug|Any CPU
		Release|Any CPU = Release|Any CPU
	EndGlobalSection
	GlobalSection(ProjectConfigurationPlatforms) = postSolution
		{E020981B-4D1A-4E0D-B525-768B792971FF}.Debug|Any CPU.ActiveCfg = Debug|Any CPU
		{E020981B-4D1A-4E0D-B525-768B792971FF}.Debug|Any CPU.Build.0 = Debug|Any CPU
		{E020981B-4D1A-4E0D-B525-768B792971FF}.Release|Any CPU.ActiveCfg = Release|Any CPU
		{E020981B-4D1A-4E0D-B525-768B792971FF}.Release|Any CPU.Build.0 = Release|Any CPU
		{7EDEA82E-020B-4653-9D1F-3F50F01CC18F}.Debug|Any CPU.ActiveCfg = Debug|Any CPU
		{7EDEA82E-020B-4653-9D1F-3F50F01CC18F}.Debug|Any CPU.Build.0 = Debug|Any CPU
		{7EDEA82E-020B-4653-9D1F-3F50F01CC18F}.Release|Any CPU.ActiveCfg = Release|Any CPU
		{7EDEA82E-020B-4653-9D1F-3F50F01CC18F}.Release|Any CPU.Build.0 = Release|Any CPU
		{B59D6FF7-731B-4F88-9860-BBF4CB601DB2}.Debug|Any CPU.ActiveCfg = Debug|Any CPU
		{B59D6FF7-731B-4F88-9860-BBF4CB601DB2}.Debug|Any CPU.Build.0 = Debug|Any CPU
		{B59D6FF7-731B-4F88-9860-BBF4CB601DB2}.Release|Any CPU.ActiveCfg = Release|Any CPU
		{B59D6FF7-731B-4F88-9860-BBF4CB601DB2}.Release|Any CPU.Build.0 = Release|Any CPU
	EndGlobalSection
	GlobalSection(SolutionProperties) = preSolution
		HideSolutionNode = FALSE
	EndGlobalSection
	GlobalSection(ExtensibilityGlobals) = postSolution
		SolutionGuid = {F589ACDD-9693-401E-B188-2559D897DCEC}
	EndGlobalSection
EndGlobal
